{
  "requires": true,
  "lockfileVersion": 1,
  "dependencies": {
    "babylonjs": {
      "version": "4.2.0",
      "resolved": "https://registry.npmjs.org/babylonjs/-/babylonjs-4.2.0.tgz",
      "integrity": "sha512-4hniJzWRkV0tDTTYGEHPk1lnfWn0HIw7HOvNWPK0rpUIbJooyeD9E5uVyHnslDedt0mtrA7QZu4i2Cz1DEmSsA=="
    },
    "uWebSockets.js": {
      "version": "github:uNetworking/uWebSockets.js#2598faa7ad28b1bc84c9ceb0089b0a0d66e2ddbf",
      "from": "github:uNetworking/uWebSockets.js#v19.1.0"
    },
    "xmlhttprequest": {
      "version": "1.8.0",
      "resolved": "https://registry.npmjs.org/xmlhttprequest/-/xmlhttprequest-1.8.0.tgz",
      "integrity": "sha1-Z/4HXFwk/vOfnWX197f+dRcZaPw="
    }
  }
}
